// !$*UTF8*$!
{
	archiveVersion = 1;
	classes = {
	};
	objectVersion = 46;
	objects = {

/* Begin PBXBuildFile section */
		B26E79CA1AA1CEC500D5743E /* Foundation.framework in Frameworks */ = {isa = PBXBuildFile; fileRef = B26E79C91AA1CEC500D5743E /* Foundation.framework */; };
		B26E79CC1AA1CEC500D5743E /* CoreGraphics.framework in Frameworks */ = {isa = PBXBuildFile; fileRef = B26E79CB1AA1CEC500D5743E /* CoreGraphics.framework */; };
		B26E79CE1AA1CEC500D5743E /* UIKit.framework in Frameworks */ = {isa = PBXBuildFile; fileRef = B26E79CD1AA1CEC500D5743E /* UIKit.framework */; };
		B26E79D41AA1CEC500D5743E /* InfoPlist.strings in Resources */ = {isa = PBXBuildFile; fileRef = B26E79D21AA1CEC500D5743E /* InfoPlist.strings */; };
		B26E79D61AA1CEC500D5743E /* main.m in Sources */ = {isa = PBXBuildFile; fileRef = B26E79D51AA1CEC500D5743E /* main.m */; };
		B26E79DA1AA1CEC500D5743E /* AppDelegate.m in Sources */ = {isa = PBXBuildFile; fileRef = B26E79D91AA1CEC500D5743E /* AppDelegate.m */; };
		B26E79DD1AA1CEC500D5743E /* Main.storyboard in Resources */ = {isa = PBXBuildFile; fileRef = B26E79DB1AA1CEC500D5743E /* Main.storyboard */; };
		B26E79E01AA1CEC500D5743E /* ViewController.m in Sources */ = {isa = PBXBuildFile; fileRef = B26E79DF1AA1CEC500D5743E /* ViewController.m */; };
		B26E79E21AA1CEC500D5743E /* Images.xcassets in Resources */ = {isa = PBXBuildFile; fileRef = B26E79E11AA1CEC500D5743E /* Images.xcassets */; };
		B26E79E91AA1CEC500D5743E /* XCTest.framework in Frameworks */ = {isa = PBXBuildFile; fileRef = B26E79E81AA1CEC500D5743E /* XCTest.framework */; };
		B26E79EA1AA1CEC500D5743E /* Foundation.framework in Frameworks */ = {isa = PBXBuildFile; fileRef = B26E79C91AA1CEC500D5743E /* Foundation.framework */; };
		B26E79EB1AA1CEC500D5743E /* UIKit.framework in Frameworks */ = {isa = PBXBuildFile; fileRef = B26E79CD1AA1CEC500D5743E /* UIKit.framework */; };
		B26E79F31AA1CEC500D5743E /* InfoPlist.strings in Resources */ = {isa = PBXBuildFile; fileRef = B26E79F11AA1CEC500D5743E /* InfoPlist.strings */; };
		B26E79F51AA1CEC500D5743E /* homework01Tests.m in Sources */ = {isa = PBXBuildFile; fileRef = B26E79F41AA1CEC500D5743E /* homework01Tests.m */; };
/* End PBXBuildFile section */

/* Begin PBXContainerItemProxy section */
		B26E79EC1AA1CEC500D5743E /* PBXContainerItemProxy */ = {
			isa = PBXContainerItemProxy;
			containerPortal = B26E79BE1AA1CEC500D5743E /* Project object */;
			proxyType = 1;
			remoteGlobalIDString = B26E79C51AA1CEC500D5743E;
			remoteInfo = homework01;
		};
/* End PBXContainerItemProxy section */

/* Begin PBXFileReference section */
		B26E79C61AA1CEC500D5743E /* homework01.app */ = {isa = PBXFileReference; explicitFileType = wrapper.application; includeInIndex = 0; path = homework01.app; sourceTree = BUILT_PRODUCTS_DIR; };
		B26E79C91AA1CEC500D5743E /* Foundation.framework */ = {isa = PBXFileReference; lastKnownFileType = wrapper.framework; name = Foundation.framework; path = System/Library/Frameworks/Foundation.framework; sourceTree = SDKROOT; };
		B26E79CB1AA1CEC500D5743E /* CoreGraphics.framework */ = {isa = PBXFileReference; lastKnownFileType = wrapper.framework; name = CoreGraphics.framework; path = System/Library/Frameworks/CoreGraphics.framework; sourceTree = SDKROOT; };
		B26E79CD1AA1CEC500D5743E /* UIKit.framework */ = {isa = PBXFileReference; lastKnownFileType = wrapper.framework; name = UIKit.framework; path = System/Library/Frameworks/UIKit.framework; sourceTree = SDKROOT; };
		B26E79D11AA1CEC500D5743E /* homework01-Info.plist */ = {isa = PBXFileReference; lastKnownFileType = text.plist.xml; path = "homework01-Info.plist"; sourceTree = "<group>"; };
		B26E79D31AA1CEC500D5743E /* en */ = {isa = PBXFileReference; lastKnownFileType = text.plist.strings; name = en; path = en.lproj/InfoPlist.strings; sourceTree = "<group>"; };
		B26E79D51AA1CEC500D5743E /* main.m */ = {isa = PBXFileReference; lastKnownFileType = sourcecode.c.objc; path = main.m; sourceTree = "<group>"; };
		B26E79D71AA1CEC500D5743E /* homework01-Prefix.pch */ = {isa = PBXFileReference; lastKnownFileType = sourcecode.c.h; path = "homework01-Prefix.pch"; sourceTree = "<group>"; };
		B26E79D81AA1CEC500D5743E /* AppDelegate.h */ = {isa = PBXFileReference; lastKnownFileType = sourcecode.c.h; path = AppDelegate.h; sourceTree = "<group>"; };
		B26E79D91AA1CEC500D5743E /* AppDelegate.m */ = {isa = PBXFileReference; lastKnownFileType = sourcecode.c.objc; path = AppDelegate.m; sourceTree = "<group>"; };
		B26E79DC1AA1CEC500D5743E /* Base */ = {isa = PBXFileReference; lastKnownFileType = file.storyboard; name = Base; path = Base.lproj/Main.storyboard; sourceTree = "<group>"; };
		B26E79DE1AA1CEC500D5743E /* ViewController.h */ = {isa = PBXFileReference; lastKnownFileType = sourcecode.c.h; path = ViewController.h; sourceTree = "<group>"; };
		B26E79DF1AA1CEC500D5743E /* ViewController.m */ = {isa = PBXFileReference; lastKnownFileType = sourcecode.c.objc; path = ViewController.m; sourceTree = "<group>"; };
		B26E79E11AA1CEC500D5743E /* Images.xcassets */ = {isa = PBXFileReference; lastKnownFileType = folder.assetcatalog; path = Images.xcassets; sourceTree = "<group>"; };
		B26E79E71AA1CEC500D5743E /* homework01Tests.xctest */ = {isa = PBXFileReference; explicitFileType = wrapper.cfbundle; includeInIndex = 0; path = homework01Tests.xctest; sourceTree = BUILT_PRODUCTS_DIR; };
		B26E79E81AA1CEC500D5743E /* XCTest.framework */ = {isa = PBXFileReference; lastKnownFileType = wrapper.framework; name = XCTest.framework; path = Library/Frameworks/XCTest.framework; sourceTree = DEVELOPER_DIR; };
		B26E79F01AA1CEC500D5743E /* homework01Tests-Info.plist */ = {isa = PBXFileReference; lastKnownFileType = text.plist.xml; path = "homework01Tests-Info.plist"; sourceTree = "<group>"; };
		B26E79F21AA1CEC500D5743E /* en */ = {isa = PBXFileReference; lastKnownFileType = text.plist.strings; name = en; path = en.lproj/InfoPlist.strings; sourceTree = "<group>"; };
		B26E79F41AA1CEC500D5743E /* homework01Tests.m */ = {isa = PBXFileReference; lastKnownFileType = sourcecode.c.objc; path = homework01Tests.m; sourceTree = "<group>"; };
/* End PBXFileReference section */

/* Begin PBXFrameworksBuildPhase section */
		B26E79C31AA1CEC500D5743E /* Frameworks */ = {
			isa = PBXFrameworksBuildPhase;
			buildActionMask = 2147483647;
			files = (
				B26E79CC1AA1CEC500D5743E /* CoreGraphics.framework in Frameworks */,
				B26E79CE1AA1CEC500D5743E /* UIKit.framework in Frameworks */,
				B26E79CA1AA1CEC500D5743E /* Foundation.framework in Frameworks */,
			);
			runOnlyForDeploymentPostprocessing = 0;
		};
		B26E79E41AA1CEC500D5743E /* Frameworks */ = {
			isa = PBXFrameworksBuildPhase;
			buildActionMask = 2147483647;
			files = (
				B26E79E91AA1CEC500D5743E /* XCTest.framework in Frameworks */,
				B26E79EB1AA1CEC500D5743E /* UIKit.framework in Frameworks */,
				B26E79EA1AA1CEC500D5743E /* Foundation.framework in Frameworks */,
			);
			runOnlyForDeploymentPostprocessing = 0;
		};
/* End PBXFrameworksBuildPhase section */

/* Begin PBXGroup section */
		B26E79BD1AA1CEC500D5743E = {
			isa = PBXGroup;
			children = (
				B26E79CF1AA1CEC500D5743E /* homework01 */,
				B26E79EE1AA1CEC500D5743E /* homework01Tests */,
				B26E79C81AA1CEC500D5743E /* Frameworks */,
				B26E79C71AA1CEC500D5743E /* Products */,
			);
			sourceTree = "<group>";
		};
		B26E79C71AA1CEC500D5743E /* Products */ = {
			isa = PBXGroup;
			children = (
				B26E79C61AA1CEC500D5743E /* homework01.app */,
				B26E79E71AA1CEC500D5743E /* homework01Tests.xctest */,
			);
			name = Products;
			sourceTree = "<group>";
		};
		B26E79C81AA1CEC500D5743E /* Frameworks */ = {
			isa = PBXGroup;
			children = (
				B26E79C91AA1CEC500D5743E /* Foundation.framework */,
				B26E79CB1AA1CEC500D5743E /* CoreGraphics.framework */,
				B26E79CD1AA1CEC500D5743E /* UIKit.framework */,
				B26E79E81AA1CEC500D5743E /* XCTest.framework */,
			);
			name = Frameworks;
			sourceTree = "<group>";
		};
		B26E79CF1AA1CEC500D5743E /* homework01 */ = {
			isa = PBXGroup;
			children = (
				B26E79D81AA1CEC500D5743E /* AppDelegate.h */,
				B26E79D91AA1CEC500D5743E /* AppDelegate.m */,
				B26E79DB1AA1CEC500D5743E /* Main.storyboard */,
				B26E79DE1AA1CEC500D5743E /* ViewController.h */,
				B26E79DF1AA1CEC500D5743E /* ViewController.m */,
				B26E79E11AA1CEC500D5743E /* Images.xcassets */,
				B26E79D01AA1CEC500D5743E /* Supporting Files */,
			);
			path = homework01;
			sourceTree = "<group>";
		};
		B26E79D01AA1CEC500D5743E /* Supporting Files */ = {
			isa = PBXGroup;
			children = (
				B26E79D11AA1CEC500D5743E /* homework01-Info.plist */,
				B26E79D21AA1CEC500D5743E /* InfoPlist.strings */,
				B26E79D51AA1CEC500D5743E /* main.m */,
				B26E79D71AA1CEC500D5743E /* homework01-Prefix.pch */,
			);
			name = "Supporting Files";
			sourceTree = "<group>";
		};
		B26E79EE1AA1CEC500D5743E /* homework01Tests */ = {
			isa = PBXGroup;
			children = (
				B26E79F41AA1CEC500D5743E /* homework01Tests.m */,
				B26E79EF1AA1CEC500D5743E /* Supporting Files */,
			);
			path = homework01Tests;
			sourceTree = "<group>";
		};
		B26E79EF1AA1CEC500D5743E /* Supporting Files */ = {
			isa = PBXGroup;
			children = (
				B26E79F01AA1CEC500D5743E /* homework01Tests-Info.plist */,
				B26E79F11AA1CEC500D5743E /* InfoPlist.strings */,
			);
			name = "Supporting Files";
			sourceTree = "<group>";
		};
/* End PBXGroup section */

/* Begin PBXNativeTarget section */
		B26E79C51AA1CEC500D5743E /* homework01 */ = {
			isa = PBXNativeTarget;
			buildConfigurationList = B26E79F81AA1CEC500D5743E /* Build configuration list for PBXNativeTarget "homework01" */;
			buildPhases = (
				B26E79C21AA1CEC500D5743E /* Sources */,
				B26E79C31AA1CEC500D5743E /* Frameworks */,
				B26E79C41AA1CEC500D5743E /* Resources */,
			);
			buildRules = (
			);
			dependencies = (
			);
			name = homework01;
			productName = homework01;
			productReference = B26E79C61AA1CEC500D5743E /* homework01.app */;
			productType = "com.apple.product-type.application";
		};
		B26E79E61AA1CEC500D5743E /* homework01Tests */ = {
			isa = PBXNativeTarget;
			buildConfigurationList = B26E79FB1AA1CEC500D5743E /* Build configuration list for PBXNativeTarget "homework01Tests" */;
			buildPhases = (
				B26E79E31AA1CEC500D5743E /* Sources */,
				B26E79E41AA1CEC500D5743E /* Frameworks */,
				B26E79E51AA1CEC500D5743E /* Resources */,
			);
			buildRules = (
			);
			dependencies = (
				B26E79ED1AA1CEC500D5743E /* PBXTargetDependency */,
			);
			name = homework01Tests;
			productName = homework01Tests;
			productReference = B26E79E71AA1CEC500D5743E /* homework01Tests.xctest */;
			productType = "com.apple.product-type.bundle.unit-test";
		};
/* End PBXNativeTarget section */

/* Begin PBXProject section */
		B26E79BE1AA1CEC500D5743E /* Project object */ = {
			isa = PBXProject;
			attributes = {
				LastUpgradeCheck = 0510;
				ORGANIZATIONNAME = tarena;
				TargetAttributes = {
					B26E79E61AA1CEC500D5743E = {
						TestTargetID = B26E79C51AA1CEC500D5743E;
					};
				};
			};
			buildConfigurationList = B26E79C11AA1CEC500D5743E /* Build configuration list for PBXProject "homework01" */;
			compatibilityVersion = "Xcode 3.2";
			developmentRegion = English;
			hasScannedForEncodings = 0;
			knownRegions = (
				en,
				Base,
			);
			mainGroup = B26E79BD1AA1CEC500D5743E;
			productRefGroup = B26E79C71AA1CEC500D5743E /* Products */;
			projectDirPath = "";
			projectRoot = "";
			targets = (
				B26E79C51AA1CEC500D5743E /* homework01 */,
				B26E79E61AA1CEC500D5743E /* homework01Tests */,
			);
		};
/* End PBXProject section */

/* Begin PBXResourcesBuildPhase section */
		B26E79C41AA1CEC500D5743E /* Resources */ = {
			isa = PBXResourcesBuildPhase;
			buildActionMask = 2147483647;
			files = (
				B26E79E21AA1CEC500D5743E /* Images.xcassets in Resources */,
				B26E79D41AA1CEC500D5743E /* InfoPlist.strings in Resources */,
				B26E79DD1AA1CEC500D5743E /* Main.storyboard in Resources */,
			);
			runOnlyForDeploymentPostprocessing = 0;
		};
		B26E79E51AA1CEC500D5743E /* Resources */ = {
			isa = PBXResourcesBuildPhase;
			buildActionMask = 2147483647;
			files = (
				B26E79F31AA1CEC500D5743E /* InfoPlist.strings in Resources */,
			);
			runOnlyForDeploymentPostprocessing = 0;
		};
/* End PBXResourcesBuildPhase section */

/* Begin PBXSourcesBuildPhase section */
		B26E79C21AA1CEC500D5743E /* Sources */ = {
			isa = PBXSourcesBuildPhase;
			buildActionMask = 2147483647;
			files = (
				B26E79E01AA1CEC500D5743E /* ViewController.m in Sources */,
				B26E79DA1AA1CEC500D5743E /* AppDelegate.m in Sources */,
				B26E79D61AA1CEC500D5743E /* main.m in Sources */,
			);
			runOnlyForDeploymentPostprocessing = 0;
		};
		B26E79E31AA1CEC500D5743E /* Sources */ = {
			isa = PBXSourcesBuildPhase;
			buildActionMask = 2147483647;
			files = (
				B26E79F51AA1CEC500D5743E /* homework01Tests.m in Sources */,
			);
			runOnlyForDeploymentPostprocessing = 0;
		};
/* End PBXSourcesBuildPhase section */

/* Begin PBXTargetDependency section */
		B26E79ED1AA1CEC500D5743E /* PBXTargetDependency */ = {
			isa = PBXTargetDependency;
			target = B26E79C51AA1CEC500D5743E /* homework01 */;
			targetProxy = B26E79EC1AA1CEC500D5743E /* PBXContainerItemProxy */;
		};
/* End PBXTargetDependency section */

/* Begin PBXVariantGroup section */
		B26E79D21AA1CEC500D5743E /* InfoPlist.strings */ = {
			isa = PBXVariantGroup;
			children = (
				B26E79D31AA1CEC500D5743E /* en */,
			);
			name = InfoPlist.strings;
			sourceTree = "<group>";
		};
		B26E79DB1AA1CEC500D5743E /* Main.storyboard */ = {
			isa = PBXVariantGroup;
			children = (
				B26E79DC1AA1CEC500D5743E /* Base */,
			);
			name = Main.storyboard;
			sourceTree = "<group>";
		};
		B26E79F11AA1CEC500D5743E /* InfoPlist.strings */ = {
			isa = PBXVariantGroup;
			children = (
				B26E79F21AA1CEC500D5743E /* en */,
			);
			name = InfoPlist.strings;
			sourceTree = "<group>";
		};
/* End PBXVariantGroup section */

/* Begin XCBuildConfiguration section */
		B26E79F61AA1CEC500D5743E /* Debug */ = {
			isa = XCBuildConfiguration;
			buildSettings = {
				ALWAYS_SEARCH_USER_PATHS = NO;
				CLANG_CXX_LANGUAGE_STANDARD = "gnu++0x";
				CLANG_CXX_LIBRARY = "libc++";
				CLANG_ENABLE_MODULES = YES;
				CLANG_ENABLE_OBJC_ARC = YES;
				CLANG_WARN_BOOL_CONVERSION = YES;
				CLANG_WARN_CONSTANT_CONVERSION = YES;
				CLANG_WARN_DIRECT_OBJC_ISA_USAGE = YES_ERROR;
				CLANG_WARN_EMPTY_BODY = YES;
				CLANG_WARN_ENUM_CONVERSION = YES;
				CLANG_WARN_INT_CONVERSION = YES;
				CLANG_WARN_OBJC_ROOT_CLASS = YES_ERROR;
				CLANG_WARN__DUPLICATE_METHOD_MATCH = YES;
				"CODE_SIGN_IDENTITY[sdk=iphoneos*]" = "iPhone Developer";
				COPY_PHASE_STRIP = NO;
				GCC_C_LANGUAGE_STANDARD = gnu99;
				GCC_DYNAMIC_NO_PIC = NO;
				GCC_OPTIMIZATION_LEVEL = 0;
				GCC_PREPROCESSOR_DEFINITIONS = (
					"DEBUG=1",
					"$(inherited)",
				);
				GCC_SYMBOLS_PRIVATE_EXTERN = NO;
				GCC_WARN_64_TO_32_BIT_CONVERSION = YES;
				GCC_WARN_ABOUT_RETURN_TYPE = YES_ERROR;
				GCC_WARN_UNDECLARED_SELECTOR = YES;
				GCC_WARN_UNINITIALIZED_AUTOS = YES_AGGRESSIVE;
				GCC_WARN_UNUSED_FUNCTION = YES;
				GCC_WARN_UNUSED_VARIABLE = YES;
				IPHONEOS_DEPLOYMENT_TARGET = 7.1;
				ONLY_ACTIVE_ARCH = YES;
				SDKROOT = iphoneos;
			};
			name = Debug;
		};
		B26E79F71AA1CEC500D5743E /* Release */ = {
			isa = XCBuildConfiguration;
			buildSettings = {
				ALWAYS_SEARCH_USER_PATHS = NO;
				CLANG_CXX_LANGUAGE_STANDARD = "gnu++0x";
				CLANG_CXX_LIBRARY = "libc++";
				CLANG_ENABLE_MODULES = YES;
				CLANG_ENABLE_OBJC_ARC = YES;
				CLANG_WARN_BOOL_CONVERSION = YES;
				CLANG_WARN_CONSTANT_CONVERSION = YES;
				CLANG_WARN_DIRECT_OBJC_ISA_USAGE = YES_ERROR;
				CLANG_WARN_EMPTY_BODY = YES;
				CLANG_WARN_ENUM_CONVERSION = YES;
				CLANG_WARN_INT_CONVERSION = YES;
				CLANG_WARN_OBJC_ROOT_CLASS = YES_ERROR;
				CLANG_WARN__DUPLICATE_METHOD_MATCH = YES;
				"CODE_SIGN_IDENTITY[sdk=iphoneos*]" = "iPhone Developer";
				COPY_PHASE_STRIP = YES;
				ENABLE_NS_ASSERTIONS = NO;
				GCC_C_LANGUAGE_STANDARD = gnu99;
				GCC_WARN_64_TO_32_BIT_CONVERSION = YES;
				GCC_WARN_ABOUT_RETURN_TYPE = YES_ERROR;
				GCC_WARN_UNDECLARED_SELECTOR = YES;
				GCC_WARN_UNINITIALIZED_AUTOS = YES_AGGRESSIVE;
				GCC_WARN_UNUSED_FUNCTION = YES;
				GCC_WARN_UNUSED_VARIABLE = YES;
				IPHONEOS_DEPLOYMENT_TARGET = 7.1;
				SDKROOT = iphoneos;
				VALIDATE_PRODUCT = YES;
			};
			name = Release;
		};
		B26E79F91AA1CEC500D5743E /* Debug */ = {
			isa = XCBuildConfiguration;
			buildSettings = {
				ASSETCATALOG_COMPILER_APPICON_NAME = AppIcon;
				ASSETCATALOG_COMPILER_LAUNCHIMAGE_NAME = LaunchImage;
				GCC_PRECOMPILE_PREFIX_HEADER = YES;
				GCC_PREFIX_HEADER = "homework01/homework01-Prefix.pch";
				INFOPLIST_FILE = "homework01/homework01-Info.plist";
				PRODUCT_NAME = "$(TARGET_NAME)";
				WRAPPER_EXTENSION = app;
			};
			name = Debug;
		};
		B26E79FA1AA1CEC500D5743E /* Release */ = {
			isa = XCBuildConfiguration;
			buildSettings = {
				ASSETCATALOG_COMPILER_APPICON_NAME = AppIcon;
				ASSETCATALOG_COMPILER_LAUNCHIMAGE_NAME = LaunchImage;
				GCC_PRECOMPILE_PREFIX_HEADER = YES;
				GCC_PREFIX_HEADER = "homework01/homework01-Prefix.pch";
				INFOPLIST_FILE = "homework01/homework01-Info.plist";
				PRODUCT_NAME = "$(TARGET_NAME)";
				WRAPPER_EXTENSION = app;
			};
			name = Release;
		};
		B26E79FC1AA1CEC500D5743E /* Debug */ = {
			isa = XCBuildConfiguration;
			buildSettings = {
				BUNDLE_LOADER = "$(BUILT_PRODUCTS_DIR)/homework01.app/homework01";
				FRAMEWORK_SEARCH_PATHS = (
					"$(SDKROOT)/Developer/Library/Frameworks",
					"$(inherited)",
					"$(DEVELOPER_FRAMEWORKS_DIR)",
				);
				GCC_PRECOMPILE_PREFIX_HEADER = YES;
				GCC_PREFIX_HEADER = "homework01/homework01-Prefix.pch";
				GCC_PREPROCESSOR_DEFINITIONS = (
					"DEBUG=1",
					"$(inherited)",
				);
				INFOPLIST_FILE = "homework01Tests/homework01Tests-Info.plist";
				PRODUCT_NAME = "$(TARGET_NAME)";
				TEST_HOST = "$(BUNDLE_LOADER)";
				WRAPPER_EXTENSION = xctest;
			};
			name = Debug;
		};
		B26E79FD1AA1CEC500D5743E /* Release */ = {
			isa = XCBuildConfiguration;
			buildSettings = {
				BUNDLE_LOADER = "$(BUILT_PRODUCTS_DIR)/homework01.app/homework01";
				FRAMEWORK_SEARCH_PATHS = (
					"$(SDKROOT)/Developer/Library/Frameworks",
					"$(inherited)",
					"$(DEVELOPER_FRAMEWORKS_DIR)",
				);
				GCC_PRECOMPILE_PREFIX_HEADER = YES;
				GCC_PREFIX_HEADER = "homework01/homework01-Prefix.pch";
				INFOPLIST_FILE = "homework01Tests/homework01Tests-Info.plist";
				PRODUCT_NAME = "$(TARGET_NAME)";
				TEST_HOST = "$(BUNDLE_LOADER)";
				WRAPPER_EXTENSION = xctest;
			};
			name = Release;
		};
/* End XCBuildConfiguration section */

/* Begin XCConfigurationList section */
		B26E79C11AA1CEC500D5743E /* Build configuration list for PBXProject "homework01" */ = {
			isa = XCConfigurationList;
			buildConfigurations = (
				B26E79F61AA1CEC500D5743E /* Debug */,
				B26E79F71AA1CEC500D5743E /* Release */,
			);
			defaultConfigurationIsVisible = 0;
			defaultConfigurationName = Release;
		};
		B26E79F81AA1CEC500D5743E /* Build configuration list for PBXNativeTarget "homework01" */ = {
			isa = XCConfigurationList;
			buildConfigurations = (
				B26E79F91AA1CEC500D5743E /* Debug */,
				B26E79FA1AA1CEC500D5743E /* Release */,
			);
			defaultConfigurationIsVisible = 0;
		};
		B26E79FB1AA1CEC500D5743E /* Build configuration list for PBXNativeTarget "homework01Tests" */ = {
			isa = XCConfigurationList;
			buildConfigurations = (
				B26E79FC1AA1CEC500D5743E /* Debug */,
				B26E79FD1AA1CEC500D5743E /* Release */,
			);
			defaultConfigurationIsVisible = 0;
		};
/* End XCConfigurationList section */
	};
	rootObject = B26E79BE1AA1CEC500D5743E /* Project object */;
}
